
Microsoft Visual Studio Solution File, Format Version 12.00
# Visual Studio 2012
Project("{FAE04EC0-301F-11D3-BF4B-00C04F79EFBC}") = "Week1CodeChallenge", "Week1CodeChallenge\Week1CodeChallenge.csproj", "{F77AE74A-A7AD-43EB-9D09-D1F35B9982B8}"
EndProject
Global
	GlobalSection(SolutionConfigurationPlatforms) = preSolution
		Debug|Any CPU = Debug|Any CPU
		Release|Any CPU = Release|Any CPU
	EndGlobalSection
	GlobalSection(ProjectConfigurationPlatforms) = postSolution
		{F77AE74A-A7AD-43EB-9D09-D1F35B9982B8}.Debug|Any CPU.ActiveCfg = Debug|Any CPU
		{F77AE74A-A7AD-43EB-9D09-D1F35B9982B8}.Debug|Any CPU.Build.0 = Debug|Any CPU
		{F77AE74A-A7AD-43EB-9D09-D1F35B9982B8}.Release|Any CPU.ActiveCfg = Release|Any CPU
		{F77AE74A-A7AD-43EB-9D09-D1F35B9982B8}.Release|Any CPU.Build.0 = Release|Any CPU
	EndGlobalSection
	GlobalSection(SolutionProperties) = preSolution
		HideSolutionNode = FALSE
	EndGlobalSection
EndGlobal
