
Microsoft Visual Studio Solution File, Format Version 12.00
# Visual Studio 2012
Project("{FAE04EC0-301F-11D3-BF4B-00C04F79EFBC}") = "Week1CodeChallenge-Class", "Week1CodeChallenge-Class\Week1CodeChallenge-Class.csproj", "{6AFD04B3-161D-4412-B64D-82774B78C685}"
EndProject
Global
	GlobalSection(SolutionConfigurationPlatforms) = preSolution
		Debug|Any CPU = Debug|Any CPU
		Release|Any CPU = Release|Any CPU
	EndGlobalSection
	GlobalSection(ProjectConfigurationPlatforms) = postSolution
		{6AFD04B3-161D-4412-B64D-82774B78C685}.Debug|Any CPU.ActiveCfg = Debug|Any CPU
		{6AFD04B3-161D-4412-B64D-82774B78C685}.Debug|Any CPU.Build.0 = Debug|Any CPU
		{6AFD04B3-161D-4412-B64D-82774B78C685}.Release|Any CPU.ActiveCfg = Release|Any CPU
		{6AFD04B3-161D-4412-B64D-82774B78C685}.Release|Any CPU.Build.0 = Release|Any CPU
	EndGlobalSection
	GlobalSection(SolutionProperties) = preSolution
		HideSolutionNode = FALSE
	EndGlobalSection
EndGlobal
